<?xml version="1.0" encoding="utf-8"?>
<Project ToolsVersion="4.0" xmlns="http://schemas.microsoft.com/developer/msbuild/2003">
  <ItemGroup>
    <Filter Include="exEngine">
      <UniqueIdentifier>{5884ED6F-4451-487B-6D6A-362359967D09}</UniqueIdentifier>
    </Filter>
  </ItemGroup>
  <ItemGroup>
    <ClInclude Include="src\exEngine.h" />
    <ClInclude Include="src\exEngine\Log.h">
      <Filter>exEngine</Filter>
    </ClInclude>
    <ClInclude Include="src\exEngine\application.h">
      <Filter>exEngine</Filter>
    </ClInclude>
    <ClInclude Include="src\exEngine\core.h">
      <Filter>exEngine</Filter>
    </ClInclude>
    <ClInclude Include="src\exEngine\entryPoint.h">
      <Filter>exEngine</Filter>
    </ClInclude>
  </ItemGroup>
  <ItemGroup>
    <ClCompile Include="src\exEngine\Log.cpp">
      <Filter>exEngine</Filter>
    </ClCompile>
    <ClCompile Include="src\exEngine\application.cpp">
      <Filter>exEngine</Filter>
    </ClCompile>
  </ItemGroup>
</Project>